// !$*UTF8*$!
{
	archiveVersion = 1;
	classes = {
	};
	objectVersion = 56;
	objects = {

/* Begin PBXBuildFile section */
		574E2B712A17F6630003A6EB /* redView.swift in Sources */ = {isa = PBXBuildFile; fileRef = 574E2B702A17F6630003A6EB /* redView.swift */; };
		574E2B732A17F6B80003A6EB /* whiteView.swift in Sources */ = {isa = PBXBuildFile; fileRef = 574E2B722A17F6B80003A6EB /* whiteView.swift */; };
		574E2B752A17F71B0003A6EB /* greenView.swift in Sources */ = {isa = PBXBuildFile; fileRef = 574E2B742A17F71B0003A6EB /* greenView.swift */; };
		574E2B772A17F7940003A6EB /* purpleView.swift in Sources */ = {isa = PBXBuildFile; fileRef = 574E2B762A17F7940003A6EB /* purpleView.swift */; };
		574E2B792A17F8370003A6EB /* yellowView.swift in Sources */ = {isa = PBXBuildFile; fileRef = 574E2B782A17F8370003A6EB /* yellowView.swift */; };
		57F99AE32A17EC3C001E54BB /* Aula03App.swift in Sources */ = {isa = PBXBuildFile; fileRef = 57F99AE22A17EC3C001E54BB /* Aula03App.swift */; };
		57F99AE52A17EC3C001E54BB /* ContentView.swift in Sources */ = {isa = PBXBuildFile; fileRef = 57F99AE42A17EC3C001E54BB /* ContentView.swift */; };
		57F99AE72A17EC42001E54BB /* Assets.xcassets in Resources */ = {isa = PBXBuildFile; fileRef = 57F99AE62A17EC42001E54BB /* Assets.xcassets */; };
		57F99AEA2A17EC42001E54BB /* Preview Assets.xcassets in Resources */ = {isa = PBXBuildFile; fileRef = 57F99AE92A17EC42001E54BB /* Preview Assets.xcassets */; };
/* End PBXBuildFile section */

/* Begin PBXFileReference section */
		574E2B702A17F6630003A6EB /* redView.swift */ = {isa = PBXFileReference; lastKnownFileType = sourcecode.swift; path = redView.swift; sourceTree = "<group>"; };
		574E2B722A17F6B80003A6EB /* whiteView.swift */ = {isa = PBXFileReference; lastKnownFileType = sourcecode.swift; path = whiteView.swift; sourceTree = "<group>"; };
		574E2B742A17F71B0003A6EB /* greenView.swift */ = {isa = PBXFileReference; lastKnownFileType = sourcecode.swift; path = greenView.swift; sourceTree = "<group>"; };
		574E2B762A17F7940003A6EB /* purpleView.swift */ = {isa = PBXFileReference; lastKnownFileType = sourcecode.swift; path = purpleView.swift; sourceTree = "<group>"; };
		574E2B782A17F8370003A6EB /* yellowView.swift */ = {isa = PBXFileReference; lastKnownFileType = sourcecode.swift; path = yellowView.swift; sourceTree = "<group>"; };
		57F99ADF2A17EC3C001E54BB /* Aula03.app */ = {isa = PBXFileReference; explicitFileType = wrapper.application; includeInIndex = 0; path = Aula03.app; sourceTree = BUILT_PRODUCTS_DIR; };
		57F99AE22A17EC3C001E54BB /* Aula03App.swift */ = {isa = PBXFileReference; lastKnownFileType = sourcecode.swift; path = Aula03App.swift; sourceTree = "<group>"; };
		57F99AE42A17EC3C001E54BB /* ContentView.swift */ = {isa = PBXFileReference; lastKnownFileType = sourcecode.swift; path = ContentView.swift; sourceTree = "<group>"; };
		57F99AE62A17EC42001E54BB /* Assets.xcassets */ = {isa = PBXFileReference; lastKnownFileType = folder.assetcatalog; path = Assets.xcassets; sourceTree = "<group>"; };
		57F99AE92A17EC42001E54BB /* Preview Assets.xcassets */ = {isa = PBXFileReference; lastKnownFileType = folder.assetcatalog; path = "Preview Assets.xcassets"; sourceTree = "<group>"; };
/* End PBXFileReference section */

/* Begin PBXFrameworksBuildPhase section */
		57F99ADC2A17EC3C001E54BB /* Frameworks */ = {
			isa = PBXFrameworksBuildPhase;
			buildActionMask = 2147483647;
			files = (
			);
			runOnlyForDeploymentPostprocessing = 0;
		};
/* End PBXFrameworksBuildPhase section */

/* Begin PBXGroup section */
		57F99AD62A17EC3C001E54BB = {
			isa = PBXGroup;
			children = (
				57F99AE12A17EC3C001E54BB /* Aula03 */,
				57F99AE02A17EC3C001E54BB /* Products */,
			);
			sourceTree = "<group>";
		};
		57F99AE02A17EC3C001E54BB /* Products */ = {
			isa = PBXGroup;
			children = (
				57F99ADF2A17EC3C001E54BB /* Aula03.app */,
			);
			name = Products;
			sourceTree = "<group>";
		};
		57F99AE12A17EC3C001E54BB /* Aula03 */ = {
			isa = PBXGroup;
			children = (
				57F99AE22A17EC3C001E54BB /* Aula03App.swift */,
				57F99AE42A17EC3C001E54BB /* ContentView.swift */,
				57F99AE62A17EC42001E54BB /* Assets.xcassets */,
				57F99AE82A17EC42001E54BB /* Preview Content */,
				574E2B702A17F6630003A6EB /* redView.swift */,
				574E2B722A17F6B80003A6EB /* whiteView.swift */,
				574E2B742A17F71B0003A6EB /* greenView.swift */,
				574E2B762A17F7940003A6EB /* purpleView.swift */,
				574E2B782A17F8370003A6EB /* yellowView.swift */,
			);
			path = Aula03;
			sourceTree = "<group>";
		};
		57F99AE82A17EC42001E54BB /* Preview Content */ = {
			isa = PBXGroup;
			children = (
				57F99AE92A17EC42001E54BB /* Preview Assets.xcassets */,
			);
			path = "Preview Content";
			sourceTree = "<group>";
		};
/* End PBXGroup section */

/* Begin PBXNativeTarget section */
		57F99ADE2A17EC3C001E54BB /* Aula03 */ = {
			isa = PBXNativeTarget;
			buildConfigurationList = 57F99AED2A17EC42001E54BB /* Build configuration list for PBXNativeTarget "Aula03" */;
			buildPhases = (
				57F99ADB2A17EC3C001E54BB /* Sources */,
				57F99ADC2A17EC3C001E54BB /* Frameworks */,
				57F99ADD2A17EC3C001E54BB /* Resources */,
			);
			buildRules = (
			);
			dependencies = (
			);
			name = Aula03;
			productName = Aula03;
			productReference = 57F99ADF2A17EC3C001E54BB /* Aula03.app */;
			productType = "com.apple.product-type.application";
		};
/* End PBXNativeTarget section */

/* Begin PBXProject section */
		57F99AD72A17EC3C001E54BB /* Project object */ = {
			isa = PBXProject;
			attributes = {
				BuildIndependentTargetsInParallel = 1;
				LastSwiftUpdateCheck = 1430;
				LastUpgradeCheck = 1430;
				TargetAttributes = {
					57F99ADE2A17EC3C001E54BB = {
						CreatedOnToolsVersion = 14.3;
					};
				};
			};
			buildConfigurationList = 57F99ADA2A17EC3C001E54BB /* Build configuration list for PBXProject "Aula03" */;
			compatibilityVersion = "Xcode 14.0";
			developmentRegion = en;
			hasScannedForEncodings = 0;
			knownRegions = (
				en,
				Base,
			);
			mainGroup = 57F99AD62A17EC3C001E54BB;
			productRefGroup = 57F99AE02A17EC3C001E54BB /* Products */;
			projectDirPath = "";
			projectRoot = "";
			targets = (
				57F99ADE2A17EC3C001E54BB /* Aula03 */,
			);
		};
/* End PBXProject section */

/* Begin PBXResourcesBuildPhase section */
		57F99ADD2A17EC3C001E54BB /* Resources */ = {
			isa = PBXResourcesBuildPhase;
			buildActionMask = 2147483647;
			files = (
				57F99AEA2A17EC42001E54BB /* Preview Assets.xcassets in Resources */,
				57F99AE72A17EC42001E54BB /* Assets.xcassets in Resources */,
			);
			runOnlyForDeploymentPostprocessing = 0;
		};
/* End PBXResourcesBuildPhase section */

/* Begin PBXSourcesBuildPhase section */
		57F99ADB2A17EC3C001E54BB /* Sources */ = {
			isa = PBXSourcesBuildPhase;
			buildActionMask = 2147483647;
			files = (
				574E2B712A17F6630003A6EB /* redView.swift in Sources */,
				574E2B792A17F8370003A6EB /* yellowView.swift in Sources */,
				57F99AE52A17EC3C001E54BB /* ContentView.swift in Sources */,
				574E2B732A17F6B80003A6EB /* whiteView.swift in Sources */,
				57F99AE32A17EC3C001E54BB /* Aula03App.swift in Sources */,
				574E2B772A17F7940003A6EB /* purpleView.swift in Sources */,
				574E2B752A17F71B0003A6EB /* greenView.swift in Sources */,
			);
			runOnlyForDeploymentPostprocessing = 0;
		};
/* End PBXSourcesBuildPhase section */

/* Begin XCBuildConfiguration section */
		57F99AEB2A17EC42001E54BB /* Debug */ = {
			isa = XCBuildConfiguration;
			buildSettings = {
				ALWAYS_SEARCH_USER_PATHS = NO;
				CLANG_ANALYZER_NONNULL = YES;
				CLANG_ANALYZER_NUMBER_OBJECT_CONVERSION = YES_AGGRESSIVE;
				CLANG_CXX_LANGUAGE_STANDARD = "gnu++20";
				CLANG_ENABLE_MODULES = YES;
				CLANG_ENABLE_OBJC_ARC = YES;
				CLANG_ENABLE_OBJC_WEAK = YES;
				CLANG_WARN_BLOCK_CAPTURE_AUTORELEASING = YES;
				CLANG_WARN_BOOL_CONVERSION = YES;
				CLANG_WARN_COMMA = YES;
				CLANG_WARN_CONSTANT_CONVERSION = YES;
				CLANG_WARN_DEPRECATED_OBJC_IMPLEMENTATIONS = YES;
				CLANG_WARN_DIRECT_OBJC_ISA_USAGE = YES_ERROR;
				CLANG_WARN_DOCUMENTATION_COMMENTS = YES;
				CLANG_WARN_EMPTY_BODY = YES;
				CLANG_WARN_ENUM_CONVERSION = YES;
				CLANG_WARN_INFINITE_RECURSION = YES;
				CLANG_WARN_INT_CONVERSION = YES;
				CLANG_WARN_NON_LITERAL_NULL_CONVERSION = YES;
				CLANG_WARN_OBJC_IMPLICIT_RETAIN_SELF = YES;
				CLANG_WARN_OBJC_LITERAL_CONVERSION = YES;
				CLANG_WARN_OBJC_ROOT_CLASS = YES_ERROR;
				CLANG_WARN_QUOTED_INCLUDE_IN_FRAMEWORK_HEADER = YES;
				CLANG_WARN_RANGE_LOOP_ANALYSIS = YES;
				CLANG_WARN_STRICT_PROTOTYPES = YES;
				CLANG_WARN_SUSPICIOUS_MOVE = YES;
				CLANG_WARN_UNGUARDED_AVAILABILITY = YES_AGGRESSIVE;
				CLANG_WARN_UNREACHABLE_CODE = YES;
				CLANG_WARN__DUPLICATE_METHOD_MATCH = YES;
				COPY_PHASE_STRIP = NO;
				DEBUG_INFORMATION_FORMAT = dwarf;
				ENABLE_STRICT_OBJC_MSGSEND = YES;
				ENABLE_TESTABILITY = YES;
				GCC_C_LANGUAGE_STANDARD = gnu11;
				GCC_DYNAMIC_NO_PIC = NO;
				GCC_NO_COMMON_BLOCKS = YES;
				GCC_OPTIMIZATION_LEVEL = 0;
				GCC_PREPROCESSOR_DEFINITIONS = (
					"DEBUG=1",
					"$(inherited)",
				);
				GCC_WARN_64_TO_32_BIT_CONVERSION = YES;
				GCC_WARN_ABOUT_RETURN_TYPE = YES_ERROR;
				GCC_WARN_UNDECLARED_SELECTOR = YES;
				GCC_WARN_UNINITIALIZED_AUTOS = YES_AGGRESSIVE;
				GCC_WARN_UNUSED_FUNCTION = YES;
				GCC_WARN_UNUSED_VARIABLE = YES;
				IPHONEOS_DEPLOYMENT_TARGET = 16.4;
				MTL_ENABLE_DEBUG_INFO = INCLUDE_SOURCE;
				MTL_FAST_MATH = YES;
				ONLY_ACTIVE_ARCH = YES;
				SDKROOT = iphoneos;
				SWIFT_ACTIVE_COMPILATION_CONDITIONS = DEBUG;
				SWIFT_OPTIMIZATION_LEVEL = "-Onone";
			};
			name = Debug;
		};
		57F99AEC2A17EC42001E54BB /* Release */ = {
			isa = XCBuildConfiguration;
			buildSettings = {
				ALWAYS_SEARCH_USER_PATHS = NO;
				CLANG_ANALYZER_NONNULL = YES;
				CLANG_ANALYZER_NUMBER_OBJECT_CONVERSION = YES_AGGRESSIVE;
				CLANG_CXX_LANGUAGE_STANDARD = "gnu++20";
				CLANG_ENABLE_MODULES = YES;
				CLANG_ENABLE_OBJC_ARC = YES;
				CLANG_ENABLE_OBJC_WEAK = YES;
				CLANG_WARN_BLOCK_CAPTURE_AUTORELEASING = YES;
				CLANG_WARN_BOOL_CONVERSION = YES;
				CLANG_WARN_COMMA = YES;
				CLANG_WARN_CONSTANT_CONVERSION = YES;
				CLANG_WARN_DEPRECATED_OBJC_IMPLEMENTATIONS = YES;
				CLANG_WARN_DIRECT_OBJC_ISA_USAGE = YES_ERROR;
				CLANG_WARN_DOCUMENTATION_COMMENTS = YES;
				CLANG_WARN_EMPTY_BODY = YES;
				CLANG_WARN_ENUM_CONVERSION = YES;
				CLANG_WARN_INFINITE_RECURSION = YES;
				CLANG_WARN_INT_CONVERSION = YES;
				CLANG_WARN_NON_LITERAL_NULL_CONVERSION = YES;
				CLANG_WARN_OBJC_IMPLICIT_RETAIN_SELF = YES;
				CLANG_WARN_OBJC_LITERAL_CONVERSION = YES;
				CLANG_WARN_OBJC_ROOT_CLASS = YES_ERROR;
				CLANG_WARN_QUOTED_INCLUDE_IN_FRAMEWORK_HEADER = YES;
				CLANG_WARN_RANGE_LOOP_ANALYSIS = YES;
				CLANG_WARN_STRICT_PROTOTYPES = YES;
				CLANG_WARN_SUSPICIOUS_MOVE = YES;
				CLANG_WARN_UNGUARDED_AVAILABILITY = YES_AGGRESSIVE;
				CLANG_WARN_UNREACHABLE_CODE = YES;
				CLANG_WARN__DUPLICATE_METHOD_MATCH = YES;
				COPY_PHASE_STRIP = NO;
				DEBUG_INFORMATION_FORMAT = "dwarf-with-dsym";
				ENABLE_NS_ASSERTIONS = NO;
				ENABLE_STRICT_OBJC_MSGSEND = YES;
				GCC_C_LANGUAGE_STANDARD = gnu11;
				GCC_NO_COMMON_BLOCKS = YES;
				GCC_WARN_64_TO_32_BIT_CONVERSION = YES;
				GCC_WARN_ABOUT_RETURN_TYPE = YES_ERROR;
				GCC_WARN_UNDECLARED_SELECTOR = YES;
				GCC_WARN_UNINITIALIZED_AUTOS = YES_AGGRESSIVE;
				GCC_WARN_UNUSED_FUNCTION = YES;
				GCC_WARN_UNUSED_VARIABLE = YES;
				IPHONEOS_DEPLOYMENT_TARGET = 16.4;
				MTL_ENABLE_DEBUG_INFO = NO;
				MTL_FAST_MATH = YES;
				SDKROOT = iphoneos;
				SWIFT_COMPILATION_MODE = wholemodule;
				SWIFT_OPTIMIZATION_LEVEL = "-O";
				VALIDATE_PRODUCT = YES;
			};
			name = Release;
		};
		57F99AEE2A17EC42001E54BB /* Debug */ = {
			isa = XCBuildConfiguration;
			buildSettings = {
				ASSETCATALOG_COMPILER_APPICON_NAME = AppIcon;
				ASSETCATALOG_COMPILER_GLOBAL_ACCENT_COLOR_NAME = AccentColor;
				CODE_SIGN_STYLE = Automatic;
				CURRENT_PROJECT_VERSION = 1;
				DEVELOPMENT_ASSET_PATHS = "\"Aula03/Preview Content\"";
				ENABLE_PREVIEWS = YES;
				GENERATE_INFOPLIST_FILE = YES;
				INFOPLIST_KEY_UIApplicationSceneManifest_Generation = YES;
				INFOPLIST_KEY_UIApplicationSupportsIndirectInputEvents = YES;
				INFOPLIST_KEY_UILaunchScreen_Generation = YES;
				INFOPLIST_KEY_UISupportedInterfaceOrientations_iPad = "UIInterfaceOrientationPortrait UIInterfaceOrientationPortraitUpsideDown UIInterfaceOrientationLandscapeLeft UIInterfaceOrientationLandscapeRight";
				INFOPLIST_KEY_UISupportedInterfaceOrientations_iPhone = "UIInterfaceOrientationPortrait UIInterfaceOrientationLandscapeLeft UIInterfaceOrientationLandscapeRight";
				LD_RUNPATH_SEARCH_PATHS = (
					"$(inherited)",
					"@executable_path/Frameworks",
				);
				MARKETING_VERSION = 1.0;
				PRODUCT_BUNDLE_IDENTIFIER = fernando.valentim.Aula03;
				PRODUCT_NAME = "$(TARGET_NAME)";
				SWIFT_EMIT_LOC_STRINGS = YES;
				SWIFT_VERSION = 5.0;
				TARGETED_DEVICE_FAMILY = "1,2";
			};
			name = Debug;
		};
		57F99AEF2A17EC42001E54BB /* Release */ = {
			isa = XCBuildConfiguration;
			buildSettings = {
				ASSETCATALOG_COMPILER_APPICON_NAME = AppIcon;
				ASSETCATALOG_COMPILER_GLOBAL_ACCENT_COLOR_NAME = AccentColor;
				CODE_SIGN_STYLE = Automatic;
				CURRENT_PROJECT_VERSION = 1;
				DEVELOPMENT_ASSET_PATHS = "\"Aula03/Preview Content\"";
				ENABLE_PREVIEWS = YES;
				GENERATE_INFOPLIST_FILE = YES;
				INFOPLIST_KEY_UIApplicationSceneManifest_Generation = YES;
				INFOPLIST_KEY_UIApplicationSupportsIndirectInputEvents = YES;
				INFOPLIST_KEY_UILaunchScreen_Generation = YES;
				INFOPLIST_KEY_UISupportedInterfaceOrientations_iPad = "UIInterfaceOrientationPortrait UIInterfaceOrientationPortraitUpsideDown UIInterfaceOrientationLandscapeLeft UIInterfaceOrientationLandscapeRight";
				INFOPLIST_KEY_UISupportedInterfaceOrientations_iPhone = "UIInterfaceOrientationPortrait UIInterfaceOrientationLandscapeLeft UIInterfaceOrientationLandscapeRight";
				LD_RUNPATH_SEARCH_PATHS = (
					"$(inherited)",
					"@executable_path/Frameworks",
				);
				MARKETING_VERSION = 1.0;
				PRODUCT_BUNDLE_IDENTIFIER = fernando.valentim.Aula03;
				PRODUCT_NAME = "$(TARGET_NAME)";
				SWIFT_EMIT_LOC_STRINGS = YES;
				SWIFT_VERSION = 5.0;
				TARGETED_DEVICE_FAMILY = "1,2";
			};
			name = Release;
		};
/* End XCBuildConfiguration section */

/* Begin XCConfigurationList section */
		57F99ADA2A17EC3C001E54BB /* Build configuration list for PBXProject "Aula03" */ = {
			isa = XCConfigurationList;
			buildConfigurations = (
				57F99AEB2A17EC42001E54BB /* Debug */,
				57F99AEC2A17EC42001E54BB /* Release */,
			);
			defaultConfigurationIsVisible = 0;
			defaultConfigurationName = Release;
		};
		57F99AED2A17EC42001E54BB /* Build configuration list for PBXNativeTarget "Aula03" */ = {
			isa = XCConfigurationList;
			buildConfigurations = (
				57F99AEE2A17EC42001E54BB /* Debug */,
				57F99AEF2A17EC42001E54BB /* Release */,
			);
			defaultConfigurationIsVisible = 0;
			defaultConfigurationName = Release;
		};
/* End XCConfigurationList section */
	};
	rootObject = 57F99AD72A17EC3C001E54BB /* Project object */;
}
